
Microsoft Visual Studio Solution File, Format Version 12.00
# Visual Studio Version 16
VisualStudioVersion = 16.0.30611.23
MinimumVisualStudioVersion = 10.0.40219.1
Project("{9A19103F-16F7-4668-BE54-9A1E7A4F7556}") = "Class Library", "Class Library\Class Library.csproj", "{003F977A-6424-4118-9BF6-00CCF4E6C988}"
EndProject
Project("{FAE04EC0-301F-11D3-BF4B-00C04F79EFBC}") = "Forms", "Forms\Forms.csproj", "{737898BA-92C9-40F8-87A6-5FF93E185C6F}"
EndProject
Global
	GlobalSection(SolutionConfigurationPlatforms) = preSolution
		Debug|Any CPU = Debug|Any CPU
		Release|Any CPU = Release|Any CPU
	EndGlobalSection
	GlobalSection(ProjectConfigurationPlatforms) = postSolution
		{003F977A-6424-4118-9BF6-00CCF4E6C988}.Debug|Any CPU.ActiveCfg = Debug|Any CPU
		{003F977A-6424-4118-9BF6-00CCF4E6C988}.Debug|Any CPU.Build.0 = Debug|Any CPU
		{003F977A-6424-4118-9BF6-00CCF4E6C988}.Release|Any CPU.ActiveCfg = Release|Any CPU
		{003F977A-6424-4118-9BF6-00CCF4E6C988}.Release|Any CPU.Build.0 = Release|Any CPU
		{737898BA-92C9-40F8-87A6-5FF93E185C6F}.Debug|Any CPU.ActiveCfg = Debug|Any CPU
		{737898BA-92C9-40F8-87A6-5FF93E185C6F}.Debug|Any CPU.Build.0 = Debug|Any CPU
		{737898BA-92C9-40F8-87A6-5FF93E185C6F}.Release|Any CPU.ActiveCfg = Release|Any CPU
		{737898BA-92C9-40F8-87A6-5FF93E185C6F}.Release|Any CPU.Build.0 = Release|Any CPU
	EndGlobalSection
	GlobalSection(SolutionProperties) = preSolution
		HideSolutionNode = FALSE
	EndGlobalSection
	GlobalSection(ExtensibilityGlobals) = postSolution
		SolutionGuid = {46BE58F5-403C-4583-8113-3285620AD1C0}
	EndGlobalSection
EndGlobal
